
Microsoft Visual Studio Solution File, Format Version 12.00
# Visual Studio Version 17
VisualStudioVersion = 17.1.32319.34
MinimumVisualStudioVersion = 10.0.40219.1
Project("{FAE04EC0-301F-11D3-BF4B-00C04F79EFBC}") = "AplicacionWeb", "AplicacionWeb.csproj", "{ED5683C8-610C-4203-A5D2-082A20CE247D}"
EndProject
Project("{FAE04EC0-301F-11D3-BF4B-00C04F79EFBC}") = "Dominio", "Dominio\Dominio.csproj", "{35EA6384-807C-4B20-BB80-13B8D9748CBE}"
EndProject
Project("{FAE04EC0-301F-11D3-BF4B-00C04F79EFBC}") = "Negocio", "Negocio\Negocio.csproj", "{654B3C29-DF25-4C4E-AC8A-4907DE2DE585}"
EndProject
Global
	GlobalSection(SolutionConfigurationPlatforms) = preSolution
		Debug|Any CPU = Debug|Any CPU
		Release|Any CPU = Release|Any CPU
	EndGlobalSection
	GlobalSection(ProjectConfigurationPlatforms) = postSolution
		{ED5683C8-610C-4203-A5D2-082A20CE247D}.Debug|Any CPU.ActiveCfg = Debug|Any CPU
		{ED5683C8-610C-4203-A5D2-082A20CE247D}.Debug|Any CPU.Build.0 = Debug|Any CPU
		{ED5683C8-610C-4203-A5D2-082A20CE247D}.Release|Any CPU.ActiveCfg = Release|Any CPU
		{ED5683C8-610C-4203-A5D2-082A20CE247D}.Release|Any CPU.Build.0 = Release|Any CPU
		{35EA6384-807C-4B20-BB80-13B8D9748CBE}.Debug|Any CPU.ActiveCfg = Debug|Any CPU
		{35EA6384-807C-4B20-BB80-13B8D9748CBE}.Debug|Any CPU.Build.0 = Debug|Any CPU
		{35EA6384-807C-4B20-BB80-13B8D9748CBE}.Release|Any CPU.ActiveCfg = Release|Any CPU
		{35EA6384-807C-4B20-BB80-13B8D9748CBE}.Release|Any CPU.Build.0 = Release|Any CPU
		{654B3C29-DF25-4C4E-AC8A-4907DE2DE585}.Debug|Any CPU.ActiveCfg = Debug|Any CPU
		{654B3C29-DF25-4C4E-AC8A-4907DE2DE585}.Debug|Any CPU.Build.0 = Debug|Any CPU
		{654B3C29-DF25-4C4E-AC8A-4907DE2DE585}.Release|Any CPU.ActiveCfg = Release|Any CPU
		{654B3C29-DF25-4C4E-AC8A-4907DE2DE585}.Release|Any CPU.Build.0 = Release|Any CPU
	EndGlobalSection
	GlobalSection(SolutionProperties) = preSolution
		HideSolutionNode = FALSE
	EndGlobalSection
	GlobalSection(ExtensibilityGlobals) = postSolution
		SolutionGuid = {5C1D6340-CEDA-434A-9590-7F510D712FC9}
	EndGlobalSection
EndGlobal
